
Microsoft Visual Studio Solution File, Format Version 12.00
# Visual Studio Version 16
VisualStudioVersion = 16.0.31624.102
MinimumVisualStudioVersion = 10.0.40219.1
Project("{FAE04EC0-301F-11D3-BF4B-00C04F79EFBC}") = "BasicGridPage.Android", "BasicGridPage.Android\BasicGridPage.Android.csproj", "{2A7112C4-3AF0-424B-9054-D2AD29661691}"
EndProject
Project("{FAE04EC0-301F-11D3-BF4B-00C04F79EFBC}") = "BasicGridPage.iOS", "BasicGridPage.iOS\BasicGridPage.iOS.csproj", "{C3B1D04A-1342-460E-94A0-5E76F96863F9}"
EndProject
Project("{FAE04EC0-301F-11D3-BF4B-00C04F79EFBC}") = "BasicGridPage", "BasicGridPage\BasicGridPage.csproj", "{EEAE086A-75F8-4473-ADB7-476FE5906CE8}"
EndProject
Global
	GlobalSection(SolutionConfigurationPlatforms) = preSolution
		Debug|Any CPU = Debug|Any CPU
		Debug|iPhone = Debug|iPhone
		Debug|iPhoneSimulator = Debug|iPhoneSimulator
		Release|Any CPU = Release|Any CPU
		Release|iPhone = Release|iPhone
		Release|iPhoneSimulator = Release|iPhoneSimulator
	EndGlobalSection
	GlobalSection(ProjectConfigurationPlatforms) = postSolution
		{2A7112C4-3AF0-424B-9054-D2AD29661691}.Debug|Any CPU.ActiveCfg = Debug|Any CPU
		{2A7112C4-3AF0-424B-9054-D2AD29661691}.Debug|Any CPU.Build.0 = Debug|Any CPU
		{2A7112C4-3AF0-424B-9054-D2AD29661691}.Debug|Any CPU.Deploy.0 = Debug|Any CPU
		{2A7112C4-3AF0-424B-9054-D2AD29661691}.Debug|iPhone.ActiveCfg = Debug|Any CPU
		{2A7112C4-3AF0-424B-9054-D2AD29661691}.Debug|iPhone.Build.0 = Debug|Any CPU
		{2A7112C4-3AF0-424B-9054-D2AD29661691}.Debug|iPhone.Deploy.0 = Debug|Any CPU
		{2A7112C4-3AF0-424B-9054-D2AD29661691}.Debug|iPhoneSimulator.ActiveCfg = Debug|Any CPU
		{2A7112C4-3AF0-424B-9054-D2AD29661691}.Debug|iPhoneSimulator.Build.0 = Debug|Any CPU
		{2A7112C4-3AF0-424B-9054-D2AD29661691}.Debug|iPhoneSimulator.Deploy.0 = Debug|Any CPU
		{2A7112C4-3AF0-424B-9054-D2AD29661691}.Release|Any CPU.ActiveCfg = Release|Any CPU
		{2A7112C4-3AF0-424B-9054-D2AD29661691}.Release|Any CPU.Build.0 = Release|Any CPU
		{2A7112C4-3AF0-424B-9054-D2AD29661691}.Release|Any CPU.Deploy.0 = Release|Any CPU
		{2A7112C4-3AF0-424B-9054-D2AD29661691}.Release|iPhone.ActiveCfg = Release|Any CPU
		{2A7112C4-3AF0-424B-9054-D2AD29661691}.Release|iPhone.Build.0 = Release|Any CPU
		{2A7112C4-3AF0-424B-9054-D2AD29661691}.Release|iPhone.Deploy.0 = Release|Any CPU
		{2A7112C4-3AF0-424B-9054-D2AD29661691}.Release|iPhoneSimulator.ActiveCfg = Release|Any CPU
		{2A7112C4-3AF0-424B-9054-D2AD29661691}.Release|iPhoneSimulator.Build.0 = Release|Any CPU
		{2A7112C4-3AF0-424B-9054-D2AD29661691}.Release|iPhoneSimulator.Deploy.0 = Release|Any CPU
		{C3B1D04A-1342-460E-94A0-5E76F96863F9}.Debug|Any CPU.ActiveCfg = Debug|iPhone
		{C3B1D04A-1342-460E-94A0-5E76F96863F9}.Debug|Any CPU.Build.0 = Debug|iPhone
		{C3B1D04A-1342-460E-94A0-5E76F96863F9}.Debug|Any CPU.Deploy.0 = Debug|iPhone
		{C3B1D04A-1342-460E-94A0-5E76F96863F9}.Debug|iPhone.ActiveCfg = Debug|iPhone
		{C3B1D04A-1342-460E-94A0-5E76F96863F9}.Debug|iPhone.Build.0 = Debug|iPhone
		{C3B1D04A-1342-460E-94A0-5E76F96863F9}.Debug|iPhone.Deploy.0 = Debug|iPhone
		{C3B1D04A-1342-460E-94A0-5E76F96863F9}.Debug|iPhoneSimulator.ActiveCfg = Debug|iPhoneSimulator
		{C3B1D04A-1342-460E-94A0-5E76F96863F9}.Debug|iPhoneSimulator.Build.0 = Debug|iPhoneSimulator
		{C3B1D04A-1342-460E-94A0-5E76F96863F9}.Debug|iPhoneSimulator.Deploy.0 = Debug|iPhoneSimulator
		{C3B1D04A-1342-460E-94A0-5E76F96863F9}.Release|Any CPU.ActiveCfg = Release|iPhoneSimulator
		{C3B1D04A-1342-460E-94A0-5E76F96863F9}.Release|Any CPU.Build.0 = Release|iPhoneSimulator
		{C3B1D04A-1342-460E-94A0-5E76F96863F9}.Release|Any CPU.Deploy.0 = Release|iPhoneSimulator
		{C3B1D04A-1342-460E-94A0-5E76F96863F9}.Release|iPhone.ActiveCfg = Release|iPhone
		{C3B1D04A-1342-460E-94A0-5E76F96863F9}.Release|iPhone.Build.0 = Release|iPhone
		{C3B1D04A-1342-460E-94A0-5E76F96863F9}.Release|iPhone.Deploy.0 = Release|iPhone
		{C3B1D04A-1342-460E-94A0-5E76F96863F9}.Release|iPhoneSimulator.ActiveCfg = Release|iPhoneSimulator
		{C3B1D04A-1342-460E-94A0-5E76F96863F9}.Release|iPhoneSimulator.Build.0 = Release|iPhoneSimulator
		{C3B1D04A-1342-460E-94A0-5E76F96863F9}.Release|iPhoneSimulator.Deploy.0 = Release|iPhoneSimulator
		{EEAE086A-75F8-4473-ADB7-476FE5906CE8}.Debug|Any CPU.ActiveCfg = Debug|Any CPU
		{EEAE086A-75F8-4473-ADB7-476FE5906CE8}.Debug|Any CPU.Build.0 = Debug|Any CPU
		{EEAE086A-75F8-4473-ADB7-476FE5906CE8}.Debug|Any CPU.Deploy.0 = Debug|Any CPU
		{EEAE086A-75F8-4473-ADB7-476FE5906CE8}.Debug|iPhone.ActiveCfg = Debug|Any CPU
		{EEAE086A-75F8-4473-ADB7-476FE5906CE8}.Debug|iPhone.Build.0 = Debug|Any CPU
		{EEAE086A-75F8-4473-ADB7-476FE5906CE8}.Debug|iPhone.Deploy.0 = Debug|Any CPU
		{EEAE086A-75F8-4473-ADB7-476FE5906CE8}.Debug|iPhoneSimulator.ActiveCfg = Debug|Any CPU
		{EEAE086A-75F8-4473-ADB7-476FE5906CE8}.Debug|iPhoneSimulator.Build.0 = Debug|Any CPU
		{EEAE086A-75F8-4473-ADB7-476FE5906CE8}.Debug|iPhoneSimulator.Deploy.0 = Debug|Any CPU
		{EEAE086A-75F8-4473-ADB7-476FE5906CE8}.Release|Any CPU.ActiveCfg = Release|Any CPU
		{EEAE086A-75F8-4473-ADB7-476FE5906CE8}.Release|Any CPU.Build.0 = Release|Any CPU
		{EEAE086A-75F8-4473-ADB7-476FE5906CE8}.Release|Any CPU.Deploy.0 = Release|Any CPU
		{EEAE086A-75F8-4473-ADB7-476FE5906CE8}.Release|iPhone.ActiveCfg = Release|Any CPU
		{EEAE086A-75F8-4473-ADB7-476FE5906CE8}.Release|iPhone.Build.0 = Release|Any CPU
		{EEAE086A-75F8-4473-ADB7-476FE5906CE8}.Release|iPhone.Deploy.0 = Release|Any CPU
		{EEAE086A-75F8-4473-ADB7-476FE5906CE8}.Release|iPhoneSimulator.ActiveCfg = Release|Any CPU
		{EEAE086A-75F8-4473-ADB7-476FE5906CE8}.Release|iPhoneSimulator.Build.0 = Release|Any CPU
		{EEAE086A-75F8-4473-ADB7-476FE5906CE8}.Release|iPhoneSimulator.Deploy.0 = Release|Any CPU
	EndGlobalSection
	GlobalSection(SolutionProperties) = preSolution
		HideSolutionNode = FALSE
	EndGlobalSection
	GlobalSection(ExtensibilityGlobals) = postSolution
		SolutionGuid = {60C608A2-736E-4DC6-B8B7-AE933BCA4E83}
	EndGlobalSection
EndGlobal
